
Microsoft Visual Studio Solution File, Format Version 12.00
# Visual Studio Version 17
VisualStudioVersion = 17.9.34622.214
MinimumVisualStudioVersion = 10.0.40219.1
Project("{FAE04EC0-301F-11D3-BF4B-00C04F79EFBC}") = "Test-Ecommerce", "Test-Ecommerce.csproj", "{3B1EAB12-18EB-4FB8-8DB0-86DA2BB91C6C}"
EndProject
Global
	GlobalSection(SolutionConfigurationPlatforms) = preSolution
		Debug|Any CPU = Debug|Any CPU
		Release|Any CPU = Release|Any CPU
	EndGlobalSection
	GlobalSection(ProjectConfigurationPlatforms) = postSolution
		{3B1EAB12-18EB-4FB8-8DB0-86DA2BB91C6C}.Debug|Any CPU.ActiveCfg = Debug|Any CPU
		{3B1EAB12-18EB-4FB8-8DB0-86DA2BB91C6C}.Debug|Any CPU.Build.0 = Debug|Any CPU
		{3B1EAB12-18EB-4FB8-8DB0-86DA2BB91C6C}.Release|Any CPU.ActiveCfg = Release|Any CPU
		{3B1EAB12-18EB-4FB8-8DB0-86DA2BB91C6C}.Release|Any CPU.Build.0 = Release|Any CPU
	EndGlobalSection
	GlobalSection(SolutionProperties) = preSolution
		HideSolutionNode = FALSE
	EndGlobalSection
	GlobalSection(ExtensibilityGlobals) = postSolution
		SolutionGuid = {62C532B8-EB72-487A-A1CB-1AFFFF141631}
	EndGlobalSection
EndGlobal
